
Microsoft Visual Studio Solution File, Format Version 12.00
# Visual Studio Version 16
VisualStudioVersion = 16.0.30204.135
MinimumVisualStudioVersion = 10.0.40219.1
Project("{FAE04EC0-301F-11D3-BF4B-00C04F79EFBC}") = "MedZeeSolution", "MedZeeSolution\MedZeeSolution.csproj", "{155BAB43-C58F-42D2-84A5-044A4AF0EE95}"
EndProject
Global
	GlobalSection(SolutionConfigurationPlatforms) = preSolution
		Debug|Any CPU = Debug|Any CPU
		Release|Any CPU = Release|Any CPU
	EndGlobalSection
	GlobalSection(ProjectConfigurationPlatforms) = postSolution
		{155BAB43-C58F-42D2-84A5-044A4AF0EE95}.Debug|Any CPU.ActiveCfg = Debug|Any CPU
		{155BAB43-C58F-42D2-84A5-044A4AF0EE95}.Debug|Any CPU.Build.0 = Debug|Any CPU
		{155BAB43-C58F-42D2-84A5-044A4AF0EE95}.Release|Any CPU.ActiveCfg = Release|Any CPU
		{155BAB43-C58F-42D2-84A5-044A4AF0EE95}.Release|Any CPU.Build.0 = Release|Any CPU
	EndGlobalSection
	GlobalSection(SolutionProperties) = preSolution
		HideSolutionNode = FALSE
	EndGlobalSection
	GlobalSection(ExtensibilityGlobals) = postSolution
		SolutionGuid = {DAFB9F7D-AC05-4795-A4DE-F6727207E161}
	EndGlobalSection
EndGlobal
